#
# This file is autogenerated by pip-compile with Python 3.13
# by the following command:
#
#    pip-compile --output-file=requirements.lock pyproject.toml
#
annotated-doc==0.0.4
    # via fastapi
annotated-types==0.7.0
    # via pydantic
anthropic==0.109.1
    # via rastrillo (pyproject.toml)
anyio==4.13.0
    # via
    #   anthropic
    #   httpx
    #   starlette
    #   watchfiles
attrs==26.1.0
    # via
    #   outcome
    #   trio
beautifulsoup4==4.15.0
    # via bs4
bs4==0.0.2
    # via holehe
certifi==2026.5.20
    # via
    #   httpcore
    #   httpx
    #   requests
    #   sherlock-project
cffi==2.0.0
    # via trio
charset-normalizer==3.4.7
    # via
    #   reportlab
    #   requests
click==8.4.1
    # via uvicorn
colorama==0.4.6
    # via
    #   click
    #   holehe
    #   sherlock-project
    #   tqdm
    #   uvicorn
distro==1.9.0
    # via anthropic
docstring-parser==0.18.0
    # via anthropic
et-xmlfile==2.0.0
    # via openpyxl
fastapi==0.136.3
    # via rastrillo (pyproject.toml)
greenlet==3.5.1
    # via playwright
h11==0.16.0
    # via
    #   httpcore
    #   uvicorn
holehe==1.61
    # via rastrillo (pyproject.toml)
httpcore==1.0.9
    # via httpx
httptools==0.8.0
    # via uvicorn
httpx==0.28.1
    # via
    #   anthropic
    #   holehe
idna==3.18
    # via
    #   anyio
    #   httpx
    #   requests
    #   trio
jinja2==3.1.6
    # via rastrillo (pyproject.toml)
jiter==0.15.0
    # via anthropic
markdown-it-py==4.2.0
    # via rich
markupsafe==3.0.3
    # via jinja2
mdurl==0.1.2
    # via markdown-it-py
numpy==2.4.6
    # via pandas
openpyxl==3.1.5
    # via sherlock-project
outcome==1.3.0.post0
    # via trio
pandas==2.3.3
    # via sherlock-project
pillow==12.2.0
    # via reportlab
playwright==1.60.0
    # via rastrillo (pyproject.toml)
pycparser==3.0
    # via cffi
pydantic==2.13.4
    # via
    #   anthropic
    #   fastapi
pydantic-core==2.46.4
    # via pydantic
pyee==13.0.1
    # via playwright
pygments==2.20.0
    # via rich
pysocks==1.7.1
    # via sherlock-project
python-dateutil==2.9.0.post0
    # via pandas
python-dotenv==1.2.2
    # via uvicorn
pytz==2026.2
    # via pandas
pyyaml==6.0.3
    # via uvicorn
reportlab==4.5.1
    # via rastrillo (pyproject.toml)
requests==2.34.2
    # via
    #   requests-futures
    #   sherlock-project
requests-futures==1.0.2
    # via sherlock-project
rich==15.0.0
    # via rastrillo (pyproject.toml)
sherlock-project==0.16.0
    # via rastrillo (pyproject.toml)
six==1.17.0
    # via python-dateutil
sniffio==1.3.1
    # via
    #   anthropic
    #   trio
sortedcontainers==2.4.0
    # via trio
soupsieve==2.8.4
    # via beautifulsoup4
starlette==1.3.1
    # via fastapi
stem==1.8.2
    # via sherlock-project
termcolor==3.3.0
    # via holehe
tqdm==4.68.2
    # via holehe
trio==0.33.0
    # via holehe
typing-extensions==4.15.0
    # via
    #   anthropic
    #   beautifulsoup4
    #   fastapi
    #   pydantic
    #   pydantic-core
    #   pyee
    #   typing-inspection
typing-inspection==0.4.2
    # via
    #   fastapi
    #   pydantic
tzdata==2026.2
    # via pandas
urllib3==2.7.0
    # via requests
uvicorn[standard]==0.49.0
    # via rastrillo (pyproject.toml)
watchfiles==1.2.0
    # via uvicorn
websockets==16.0
    # via uvicorn
